
Microsoft Visual Studio Solution File, Format Version 12.00
# Visual Studio 2012
Project("{FAE04EC0-301F-11D3-BF4B-00C04F79EFBC}") = "File5", "File5\File5.csproj", "{43F4E075-BAD8-4760-84D5-659AFD6B7BC7}"
EndProject
Global
	GlobalSection(SolutionConfigurationPlatforms) = preSolution
		Debug|x86 = Debug|x86
		Release|x86 = Release|x86
	EndGlobalSection
	GlobalSection(ProjectConfigurationPlatforms) = postSolution
		{43F4E075-BAD8-4760-84D5-659AFD6B7BC7}.Debug|x86.ActiveCfg = Debug|x86
		{43F4E075-BAD8-4760-84D5-659AFD6B7BC7}.Debug|x86.Build.0 = Debug|x86
		{43F4E075-BAD8-4760-84D5-659AFD6B7BC7}.Release|x86.ActiveCfg = Release|x86
		{43F4E075-BAD8-4760-84D5-659AFD6B7BC7}.Release|x86.Build.0 = Release|x86
	EndGlobalSection
EndGlobal
