
Microsoft Visual Studio Solution File, Format Version 12.00
# Visual Studio 2012
Project("{FAE04EC0-301F-11D3-BF4B-00C04F79EFBC}") = "Extensions1", "Extensions1\Extensions1.csproj", "{31D050BD-7134-4CDA-8B68-87F953D05B42}"
EndProject
Global
	GlobalSection(SolutionConfigurationPlatforms) = preSolution
		Debug|x86 = Debug|x86
		Release|x86 = Release|x86
	EndGlobalSection
	GlobalSection(ProjectConfigurationPlatforms) = postSolution
		{31D050BD-7134-4CDA-8B68-87F953D05B42}.Debug|x86.ActiveCfg = Debug|x86
		{31D050BD-7134-4CDA-8B68-87F953D05B42}.Debug|x86.Build.0 = Debug|x86
		{31D050BD-7134-4CDA-8B68-87F953D05B42}.Release|x86.ActiveCfg = Release|x86
		{31D050BD-7134-4CDA-8B68-87F953D05B42}.Release|x86.Build.0 = Release|x86
	EndGlobalSection
EndGlobal
