
Microsoft Visual Studio Solution File, Format Version 12.00
# Visual Studio 2012
Project("{FAE04EC0-301F-11D3-BF4B-00C04F79EFBC}") = "IList", "IList\IList.csproj", "{12BB52F9-D3A1-4729-B962-6B649DCEFDCC}"
EndProject
Global
	GlobalSection(SolutionConfigurationPlatforms) = preSolution
		Debug|x86 = Debug|x86
		Release|x86 = Release|x86
	EndGlobalSection
	GlobalSection(ProjectConfigurationPlatforms) = postSolution
		{12BB52F9-D3A1-4729-B962-6B649DCEFDCC}.Debug|x86.ActiveCfg = Debug|x86
		{12BB52F9-D3A1-4729-B962-6B649DCEFDCC}.Debug|x86.Build.0 = Debug|x86
		{12BB52F9-D3A1-4729-B962-6B649DCEFDCC}.Release|x86.ActiveCfg = Release|x86
		{12BB52F9-D3A1-4729-B962-6B649DCEFDCC}.Release|x86.Build.0 = Release|x86
	EndGlobalSection
EndGlobal
